# @generated - this file is auto-generated by `mise lock` https://mise.jdx.dev/dev-tools/mise-lock.html

[[tools.actionlint]]
version = "1.7.12"
backend = "aqua:rhysd/actionlint"

[tools.actionlint."platforms.linux-arm64"]
checksum = "sha256:325e971b6ba9bfa504672e29be93c24981eeb1c07576d730e9f7c8805afff0c6"
url = "https://github.com/rhysd/actionlint/releases/download/v1.7.12/actionlint_1.7.12_linux_arm64.tar.gz"
url_api = "https://api.github.com/repos/rhysd/actionlint/releases/assets/384924897"
provenance = "github-attestations"

[tools.actionlint."platforms.linux-arm64-musl"]
checksum = "sha256:325e971b6ba9bfa504672e29be93c24981eeb1c07576d730e9f7c8805afff0c6"
url = "https://github.com/rhysd/actionlint/releases/download/v1.7.12/actionlint_1.7.12_linux_arm64.tar.gz"
url_api = "https://api.github.com/repos/rhysd/actionlint/releases/assets/384924897"
provenance = "github-attestations"

[tools.actionlint."platforms.linux-x64"]
checksum = "sha256:8aca8db96f1b94770f1b0d72b6dddcb1ebb8123cb3712530b08cc387b349a3d8"
url = "https://github.com/rhysd/actionlint/releases/download/v1.7.12/actionlint_1.7.12_linux_amd64.tar.gz"
url_api = "https://api.github.com/repos/rhysd/actionlint/releases/assets/384924896"
provenance = "github-attestations"

[tools.actionlint."platforms.linux-x64-musl"]
checksum = "sha256:8aca8db96f1b94770f1b0d72b6dddcb1ebb8123cb3712530b08cc387b349a3d8"
url = "https://github.com/rhysd/actionlint/releases/download/v1.7.12/actionlint_1.7.12_linux_amd64.tar.gz"
url_api = "https://api.github.com/repos/rhysd/actionlint/releases/assets/384924896"
provenance = "github-attestations"

[tools.actionlint."platforms.macos-arm64"]
checksum = "sha256:aba9ced2dee8d27fecca3dc7feb1a7f9a52caefa1eb46f3271ea66b6e0e6953f"
url = "https://github.com/rhysd/actionlint/releases/download/v1.7.12/actionlint_1.7.12_darwin_arm64.tar.gz"
url_api = "https://api.github.com/repos/rhysd/actionlint/releases/assets/384924893"
provenance = "github-attestations"

[tools.actionlint."platforms.macos-x64"]
checksum = "sha256:5b44c3bc2255115c9b69e30efc0fecdf498fdb63c5d58e17084fd5f16324c644"
url = "https://github.com/rhysd/actionlint/releases/download/v1.7.12/actionlint_1.7.12_darwin_amd64.tar.gz"
url_api = "https://api.github.com/repos/rhysd/actionlint/releases/assets/384924880"
provenance = "github-attestations"

[tools.actionlint."platforms.windows-x64"]
checksum = "sha256:6e7241b51e6817ea6a047693d8e6fed13b31819c9a0dd6c5a726e1592d22f6e9"
url = "https://github.com/rhysd/actionlint/releases/download/v1.7.12/actionlint_1.7.12_windows_amd64.zip"
url_api = "https://api.github.com/repos/rhysd/actionlint/releases/assets/384924919"
provenance = "github-attestations"

[[tools."aqua:hk"]]
version = "1.52.0"
backend = "aqua:hk"

[tools."aqua:hk".options]
"vars.locked" = "false"

[tools."aqua:hk"."platforms.linux-arm64"]
checksum = "sha256:84504df54a3a945493eeb739d2fe6bf0eef392d74795eeb02eabadfee78a53f8"
url = "https://github.com/jdx/hk/releases/download/v1.52.0/hk-aarch64-unknown-linux-gnu.tar.gz"
url_api = "https://api.github.com/repos/jdx/hk/releases/assets/484573027"

[tools."aqua:hk"."platforms.linux-arm64-musl"]
checksum = "sha256:b710da09ee7bd09534201cbf9a5b8da62cae8d9d4a6bf1b3c7853b5441fd4678"
url = "https://github.com/jdx/hk/releases/download/v1.52.0/hk-aarch64-unknown-linux-musl.tar.gz"
url_api = "https://api.github.com/repos/jdx/hk/releases/assets/484573029"

[tools."aqua:hk"."platforms.linux-x64"]
checksum = "sha256:d381ec061fda51d5765e7831757107e4c565f195b206feae6fdd298162ab8baa"
url = "https://github.com/jdx/hk/releases/download/v1.52.0/hk-x86_64-unknown-linux-gnu.tar.gz"
url_api = "https://api.github.com/repos/jdx/hk/releases/assets/484573049"

[tools."aqua:hk"."platforms.linux-x64-musl"]
checksum = "sha256:53b9cb859c950a1b6f26100de3335022b071b30205c73c8744762bc67764ab50"
url = "https://github.com/jdx/hk/releases/download/v1.52.0/hk-x86_64-unknown-linux-musl.tar.gz"
url_api = "https://api.github.com/repos/jdx/hk/releases/assets/484573053"

[tools."aqua:hk"."platforms.macos-arm64"]
checksum = "sha256:a711ed6d6359ca3084c73e1025af4e9a158727297a8dbe308d6eab44bcad372c"
url = "https://github.com/jdx/hk/releases/download/v1.52.0/hk-aarch64-apple-darwin.tar.gz"
url_api = "https://api.github.com/repos/jdx/hk/releases/assets/484573025"

[tools."aqua:hk"."platforms.windows-x64"]
checksum = "sha256:65017b2d4aaa7d01c6cc9aa339a1254aa4c72553701f4ed04b2e482e93f4550a"
url = "https://github.com/jdx/hk/releases/download/v1.52.0/hk-x86_64-pc-windows-msvc.zip"
url_api = "https://api.github.com/repos/jdx/hk/releases/assets/484573026"

[[tools."cargo:cargo-audit"]]
version = "0.22.2"
backend = "cargo:cargo-audit"

[[tools."cargo:cargo-crap"]]
version = "0.3.0"
backend = "cargo:cargo-crap"

[[tools."cargo:cargo-criterion"]]
version = "1.1.0"
backend = "cargo:cargo-criterion"

[[tools."cargo:cargo-deny"]]
version = "0.20.2"
backend = "cargo:cargo-deny"

[[tools."cargo:cargo-edit"]]
version = "0.13.11"
backend = "cargo:cargo-edit"

[[tools."cargo:cargo-fuzz"]]
version = "0.13.2"
backend = "cargo:cargo-fuzz"

[[tools."cargo:cargo-machete"]]
version = "0.9.2"
backend = "cargo:cargo-machete"

[[tools."cargo:cargo-mutants"]]
version = "27.1.0"
backend = "cargo:cargo-mutants"

[[tools."cargo:cargo-nextest"]]
version = "0.9.140"
backend = "cargo:cargo-nextest"

[[tools."cargo:cargo-pgo"]]
version = "0.3.0"
backend = "cargo:cargo-pgo"

[[tools."cargo:cargo-semver-checks"]]
version = "0.48.0"
backend = "cargo:cargo-semver-checks"

[[tools."cargo:cargo-sort"]]
version = "2.1.4"
backend = "cargo:cargo-sort"

[[tools."cargo:cargo-tarpaulin"]]
version = "0.37.0"
backend = "cargo:cargo-tarpaulin"

[[tools."cargo:cargo-wizard"]]
version = "0.2.3"
backend = "cargo:cargo-wizard"

[[tools."cargo:committed"]]
version = "1.1.11"
backend = "cargo:committed"

[[tools."cargo:flamegraph"]]
version = "0.6.13"
backend = "cargo:flamegraph"

[[tools."cargo:hk"]]
version = "1.50.0"
backend = "cargo:hk"

[tools."cargo:hk".options]
locked = "false"

[[tools."cargo:rumdl"]]
version = "0.2.32"
backend = "cargo:rumdl"

[[tools."cargo:taplo-cli"]]
version = "0.10.0"
backend = "cargo:taplo-cli"

[[tools."cargo:yamllint-rs"]]
version = "0.1.4"
backend = "cargo:yamllint-rs"

[[tools.gh]]
version = "2.66.1"
backend = "aqua:cli/cli"

[tools.gh."platforms.linux-arm64"]
checksum = "sha256:f11a2c3d1a2cfd97106fa6405fbb4c1254a7e91be38537148ab7d27209698a6b"
url = "https://github.com/cli/cli/releases/download/v2.66.1/gh_2.66.1_linux_arm64.tar.gz"
url_api = "https://api.github.com/repos/cli/cli/releases/assets/225296300"
provenance = "github-attestations"

[tools.gh."platforms.linux-arm64-musl"]
checksum = "sha256:f11a2c3d1a2cfd97106fa6405fbb4c1254a7e91be38537148ab7d27209698a6b"
url = "https://github.com/cli/cli/releases/download/v2.66.1/gh_2.66.1_linux_arm64.tar.gz"
url_api = "https://api.github.com/repos/cli/cli/releases/assets/225296300"
provenance = "github-attestations"

[tools.gh."platforms.linux-x64"]
checksum = "sha256:387b4e9a717ddf2efa8426a774f14463bf64e41fb7bec3463c737cf5413e5a79"
url = "https://github.com/cli/cli/releases/download/v2.66.1/gh_2.66.1_linux_amd64.tar.gz"
url_api = "https://api.github.com/repos/cli/cli/releases/assets/225296294"
provenance = "github-attestations"

[tools.gh."platforms.linux-x64-musl"]
checksum = "sha256:387b4e9a717ddf2efa8426a774f14463bf64e41fb7bec3463c737cf5413e5a79"
url = "https://github.com/cli/cli/releases/download/v2.66.1/gh_2.66.1_linux_amd64.tar.gz"
url_api = "https://api.github.com/repos/cli/cli/releases/assets/225296294"
provenance = "github-attestations"

[tools.gh."platforms.macos-arm64"]
checksum = "sha256:80bf6b20a56411ae56ffebdfef81217cb2b739674a625a85f8668153604cc4f6"
url = "https://github.com/cli/cli/releases/download/v2.66.1/gh_2.66.1_macOS_arm64.zip"
url_api = "https://api.github.com/repos/cli/cli/releases/assets/225296306"
provenance = "github-attestations"

[tools.gh."platforms.macos-x64"]
checksum = "sha256:7ae1b19f5b4c46545be7c9a16a52b922b9dee4755f051c7fa6f105784632d035"
url = "https://github.com/cli/cli/releases/download/v2.66.1/gh_2.66.1_macOS_amd64.zip"
url_api = "https://api.github.com/repos/cli/cli/releases/assets/225296305"
provenance = "github-attestations"

[tools.gh."platforms.windows-x64"]
checksum = "sha256:2f8cd5d8bcffc65dc4dc69bb48ca536b53f792744ba7da7e75b238bde9deb2bf"
url = "https://github.com/cli/cli/releases/download/v2.66.1/gh_2.66.1_windows_amd64.zip"
url_api = "https://api.github.com/repos/cli/cli/releases/assets/225296314"
provenance = "github-attestations"

[[tools.git-cliff]]
version = "2.13.1"
backend = "aqua:orhun/git-cliff"

[tools.git-cliff."platforms.linux-arm64"]
checksum = "sha256:4054c124b926c117f3fa048939bc8be0a954f29f3b6f367627e8cb22c1971882"
url = "https://github.com/orhun/git-cliff/releases/download/v2.13.1/git-cliff-2.13.1-aarch64-unknown-linux-musl.tar.gz"
url_api = "https://api.github.com/repos/orhun/git-cliff/releases/assets/405850720"

[tools.git-cliff."platforms.linux-arm64-musl"]
checksum = "sha256:4054c124b926c117f3fa048939bc8be0a954f29f3b6f367627e8cb22c1971882"
url = "https://github.com/orhun/git-cliff/releases/download/v2.13.1/git-cliff-2.13.1-aarch64-unknown-linux-musl.tar.gz"
url_api = "https://api.github.com/repos/orhun/git-cliff/releases/assets/405850720"

[tools.git-cliff."platforms.linux-x64"]
checksum = "sha256:200d2535da6d9703f3bcc8a4d159c3b55eacdb01cf2148c55b3eee9dd04d5249"
url = "https://github.com/orhun/git-cliff/releases/download/v2.13.1/git-cliff-2.13.1-x86_64-unknown-linux-musl.tar.gz"
url_api = "https://api.github.com/repos/orhun/git-cliff/releases/assets/405850671"

[tools.git-cliff."platforms.linux-x64-musl"]
checksum = "sha256:200d2535da6d9703f3bcc8a4d159c3b55eacdb01cf2148c55b3eee9dd04d5249"
url = "https://github.com/orhun/git-cliff/releases/download/v2.13.1/git-cliff-2.13.1-x86_64-unknown-linux-musl.tar.gz"
url_api = "https://api.github.com/repos/orhun/git-cliff/releases/assets/405850671"

[tools.git-cliff."platforms.macos-arm64"]
checksum = "sha256:21547ae4a0421164070ab75c2522864ea5565858a011fabc5f583061b20f1226"
url = "https://github.com/orhun/git-cliff/releases/download/v2.13.1/git-cliff-2.13.1-aarch64-apple-darwin.tar.gz"
url_api = "https://api.github.com/repos/orhun/git-cliff/releases/assets/405849885"

[tools.git-cliff."platforms.macos-x64"]
checksum = "sha256:6e60ae390d375cecb9d8008c49f0e724a8dfe40390b532ef5501e421d2cc8acb"
url = "https://github.com/orhun/git-cliff/releases/download/v2.13.1/git-cliff-2.13.1-x86_64-apple-darwin.tar.gz"
url_api = "https://api.github.com/repos/orhun/git-cliff/releases/assets/405850193"

[tools.git-cliff."platforms.windows-x64"]
checksum = "sha256:3ae3a5549e85c7ad5b20192ebcfee4371269deca51255f6f2f2e051c6541f5ca"
url = "https://github.com/orhun/git-cliff/releases/download/v2.13.1/git-cliff-2.13.1-x86_64-pc-windows-msvc.zip"
url_api = "https://api.github.com/repos/orhun/git-cliff/releases/assets/405851866"

[[tools."github:azolfagharj/tmq"]]
version = "1.0.3"
backend = "github:azolfagharj/tmq"

[tools."github:azolfagharj/tmq"."platforms.linux-arm64"]
checksum = "sha256:48da2e4eae0fdd56c5b502c7228c0ea1fc6fb1510f931343d1dd8a203f05c9b4"
url = "https://github.com/azolfagharj/tmq/releases/download/1.0.3/tmq-linux-arm64"
url_api = "https://api.github.com/repos/azolfagharj/tmq/releases/assets/360237214"

[tools."github:azolfagharj/tmq"."platforms.linux-arm64-musl"]
checksum = "sha256:48da2e4eae0fdd56c5b502c7228c0ea1fc6fb1510f931343d1dd8a203f05c9b4"
url = "https://github.com/azolfagharj/tmq/releases/download/1.0.3/tmq-linux-arm64"
url_api = "https://api.github.com/repos/azolfagharj/tmq/releases/assets/360237214"

[tools."github:azolfagharj/tmq"."platforms.linux-x64"]
checksum = "sha256:0e1c7ea808b491bd2f92091320e2f472cb33b003fdc7fbdfec8e21cdaa5a323f"
url = "https://github.com/azolfagharj/tmq/releases/download/1.0.3/tmq-linux-amd64"
url_api = "https://api.github.com/repos/azolfagharj/tmq/releases/assets/360237213"

[tools."github:azolfagharj/tmq"."platforms.linux-x64-musl"]
checksum = "sha256:0e1c7ea808b491bd2f92091320e2f472cb33b003fdc7fbdfec8e21cdaa5a323f"
url = "https://github.com/azolfagharj/tmq/releases/download/1.0.3/tmq-linux-amd64"
url_api = "https://api.github.com/repos/azolfagharj/tmq/releases/assets/360237213"

[tools."github:azolfagharj/tmq"."platforms.macos-arm64"]
checksum = "sha256:8caae7edf6a0412b9f4311b13f01c9172b619406b4972cae72dfec34c31f7716"
url = "https://github.com/azolfagharj/tmq/releases/download/1.0.3/tmq-darwin-arm64"
url_api = "https://api.github.com/repos/azolfagharj/tmq/releases/assets/360237216"

[tools."github:azolfagharj/tmq"."platforms.macos-x64"]
checksum = "sha256:60207e38dd77d88cb8740cfa1be34a22366970c3531b7afe0dd7630ac34278c6"
url = "https://github.com/azolfagharj/tmq/releases/download/1.0.3/tmq-darwin-amd64"
url_api = "https://api.github.com/repos/azolfagharj/tmq/releases/assets/360237218"

[tools."github:azolfagharj/tmq"."platforms.windows-x64"]
checksum = "sha256:f71f27260faf8bf6903e4e35810f4356143ebaf9affd222a8d32d5fa6be0e188"
url = "https://github.com/azolfagharj/tmq/releases/download/1.0.3/tmq-windows-amd64.exe"
url_api = "https://api.github.com/repos/azolfagharj/tmq/releases/assets/360237215"

[[tools.gitleaks]]
version = "8.30.1"
backend = "aqua:gitleaks/gitleaks"

[tools.gitleaks."platforms.linux-arm64"]
checksum = "sha256:e4a487ee7ccd7d3a7f7ec08657610aa3606637dab924210b3aee62570fb4b080"
url = "https://github.com/gitleaks/gitleaks/releases/download/v8.30.1/gitleaks_8.30.1_linux_arm64.tar.gz"
url_api = "https://api.github.com/repos/gitleaks/gitleaks/releases/assets/378332057"

[tools.gitleaks."platforms.linux-arm64-musl"]
checksum = "sha256:e4a487ee7ccd7d3a7f7ec08657610aa3606637dab924210b3aee62570fb4b080"
url = "https://github.com/gitleaks/gitleaks/releases/download/v8.30.1/gitleaks_8.30.1_linux_arm64.tar.gz"
url_api = "https://api.github.com/repos/gitleaks/gitleaks/releases/assets/378332057"

[tools.gitleaks."platforms.linux-x64"]
checksum = "sha256:551f6fc83ea457d62a0d98237cbad105af8d557003051f41f3e7ca7b3f2470eb"
url = "https://github.com/gitleaks/gitleaks/releases/download/v8.30.1/gitleaks_8.30.1_linux_x64.tar.gz"
url_api = "https://api.github.com/repos/gitleaks/gitleaks/releases/assets/378332058"

[tools.gitleaks."platforms.linux-x64-musl"]
checksum = "sha256:551f6fc83ea457d62a0d98237cbad105af8d557003051f41f3e7ca7b3f2470eb"
url = "https://github.com/gitleaks/gitleaks/releases/download/v8.30.1/gitleaks_8.30.1_linux_x64.tar.gz"
url_api = "https://api.github.com/repos/gitleaks/gitleaks/releases/assets/378332058"

[tools.gitleaks."platforms.macos-arm64"]
checksum = "sha256:b40ab0ae55c505963e365f271a8d3846efbc170aa17f2607f13df610a9aeb6a5"
url = "https://github.com/gitleaks/gitleaks/releases/download/v8.30.1/gitleaks_8.30.1_darwin_arm64.tar.gz"
url_api = "https://api.github.com/repos/gitleaks/gitleaks/releases/assets/378332059"

[tools.gitleaks."platforms.macos-x64"]
checksum = "sha256:dfe101a4db2255fc85120ac7f3d25e4342c3c20cf749f2c20a18081af1952709"
url = "https://github.com/gitleaks/gitleaks/releases/download/v8.30.1/gitleaks_8.30.1_darwin_x64.tar.gz"
url_api = "https://api.github.com/repos/gitleaks/gitleaks/releases/assets/378332053"

[tools.gitleaks."platforms.windows-x64"]
checksum = "sha256:d29144deff3a68aa93ced33dddf84b7fdc26070add4aa0f4513094c8332afc4e"
url = "https://github.com/gitleaks/gitleaks/releases/download/v8.30.1/gitleaks_8.30.1_windows_x64.zip"
url_api = "https://api.github.com/repos/gitleaks/gitleaks/releases/assets/378333178"

[[tools."pipx:codecov-cli"]]
version = "11.3.1"
backend = "pipx:codecov-cli"

[[tools."pipx:reuse"]]
version = "6.2.0"
backend = "pipx:reuse"

[[tools.rust]]
version = "1.97.0"
backend = "core:rust"

[tools.rust.options]
profile = "complete"

[[tools.taplo]]
version = "0.10.0"
backend = "aqua:tamasfe/taplo"

[tools.taplo."platforms.linux-arm64"]
url = "https://github.com/tamasfe/taplo/releases/download/0.10.0/taplo-linux-aarch64.gz"
url_api = "https://api.github.com/repos/tamasfe/taplo/releases/assets/257322597"

[tools.taplo."platforms.linux-arm64-musl"]
url = "https://github.com/tamasfe/taplo/releases/download/0.10.0/taplo-linux-aarch64.gz"
url_api = "https://api.github.com/repos/tamasfe/taplo/releases/assets/257322597"

[tools.taplo."platforms.linux-x64"]
url = "https://github.com/tamasfe/taplo/releases/download/0.10.0/taplo-linux-x86_64.gz"
url_api = "https://api.github.com/repos/tamasfe/taplo/releases/assets/257322600"

[tools.taplo."platforms.linux-x64-musl"]
url = "https://github.com/tamasfe/taplo/releases/download/0.10.0/taplo-linux-x86_64.gz"
url_api = "https://api.github.com/repos/tamasfe/taplo/releases/assets/257322600"

[tools.taplo."platforms.macos-arm64"]
url = "https://github.com/tamasfe/taplo/releases/download/0.10.0/taplo-darwin-aarch64.gz"
url_api = "https://api.github.com/repos/tamasfe/taplo/releases/assets/257323110"

[tools.taplo."platforms.macos-x64"]
url = "https://github.com/tamasfe/taplo/releases/download/0.10.0/taplo-darwin-x86_64.gz"
url_api = "https://api.github.com/repos/tamasfe/taplo/releases/assets/257323116"

[tools.taplo."platforms.windows-x64"]
url = "https://github.com/tamasfe/taplo/releases/download/0.10.0/taplo-windows-x86_64.zip"
url_api = "https://api.github.com/repos/tamasfe/taplo/releases/assets/257323062"
